{
  "version": 4,
  "terraform_version": "1.6.0",
  "serial": 3,
  "lineage": "f6f13f8c-92da-1482-f81f-52c6f4ffc74b",
  "outputs": {},
  "resources": [
    {
      "mode": "managed",
      "type": "azurerm_resource_group",
      "name": "reg-rg",
      "provider": "provider[\"registry.opentofu.org/hashicorp/azurerm\"]",
      "instances": [
        {
          "schema_version": 0,
          "attributes": {
            "id": "/subscriptions/f6dbc7e9-4ad9-4d9d-9df9-bab7f1a56dd6/resourceGroups/registry-resource",
            "location": "koreasouth",
            "managed_by": "",
            "name": "registry-resource",
            "tags": {},
            "timeouts": null
          },
          "sensitive_attributes": [],
          "private": "eyJlMmJmYjczMC1lY2FhLTExZTYtOGY4OC0zNDM2M2JjN2M0YzAiOnsiY3JlYXRlIjo1NDAwMDAwMDAwMDAwLCJkZWxldGUiOjU0MDAwMDAwMDAwMDAsInJlYWQiOjMwMDAwMDAwMDAwMCwidXBkYXRlIjo1NDAwMDAwMDAwMDAwfX0="
        }
      ]
    }
  ],
  "check_results": null
}
